
Microsoft Visual Studio Solution File, Format Version 12.00
# Visual Studio Version 16
VisualStudioVersion = 16.0.32510.428
MinimumVisualStudioVersion = 10.0.40219.1
Project("{8BC9CEB8-8B4A-11D0-8D11-00A0C91BC942}") = "Engine", "Engine.vcxproj", "{A01314D8-F2E2-4229-A2BE-AF901699D5E4}"
EndProject
Project("{8BC9CEB8-8B4A-11D0-8D11-00A0C91BC942}") = "DemoEngine", "..\..\..\DemoEngine\projects\vs-2019\DemoEngine.vcxproj", "{B77A290E-E5D3-4C67-8487-E5AFC4834F17}"
	ProjectSection(ProjectDependencies) = postProject
		{A01314D8-F2E2-4229-A2BE-AF901699D5E4} = {A01314D8-F2E2-4229-A2BE-AF901699D5E4}
	EndProjectSection
EndProject
Global
	GlobalSection(SolutionConfigurationPlatforms) = preSolution
		Debug|x64 = Debug|x64
		Release|x64 = Release|x64
	EndGlobalSection
	GlobalSection(ProjectConfigurationPlatforms) = postSolution
		{A01314D8-F2E2-4229-A2BE-AF901699D5E4}.Debug|x64.ActiveCfg = Debug|x64
		{A01314D8-F2E2-4229-A2BE-AF901699D5E4}.Debug|x64.Build.0 = Debug|x64
		{A01314D8-F2E2-4229-A2BE-AF901699D5E4}.Release|x64.ActiveCfg = Release|x64
		{A01314D8-F2E2-4229-A2BE-AF901699D5E4}.Release|x64.Build.0 = Release|x64
		{B77A290E-E5D3-4C67-8487-E5AFC4834F17}.Debug|x64.ActiveCfg = Debug|x64
		{B77A290E-E5D3-4C67-8487-E5AFC4834F17}.Debug|x64.Build.0 = Debug|x64
		{B77A290E-E5D3-4C67-8487-E5AFC4834F17}.Release|x64.ActiveCfg = Release|x64
		{B77A290E-E5D3-4C67-8487-E5AFC4834F17}.Release|x64.Build.0 = Release|x64
	EndGlobalSection
	GlobalSection(SolutionProperties) = preSolution
		HideSolutionNode = FALSE
	EndGlobalSection
	GlobalSection(ExtensibilityGlobals) = postSolution
		SolutionGuid = {4E7F5710-9022-4F31-AFAF-E84F62474DEC}
	EndGlobalSection
EndGlobal
