
Microsoft Visual Studio Solution File, Format Version 12.00
# Visual Studio Version 17
VisualStudioVersion = 17.8.34322.80
MinimumVisualStudioVersion = 10.0.40219.1
Project("{8BC9CEB8-8B4A-11D0-8D11-00A0C91BC942}") = "DemoEngine", "DemoEngine.vcxproj", "{2569E77A-62A5-4C6E-A5E1-8ACFC0B95EF5}"
	ProjectSection(ProjectDependencies) = postProject
		{7A287DAB-47FB-4DD5-90E9-98B53607BD04} = {7A287DAB-47FB-4DD5-90E9-98B53607BD04}
	EndProjectSection
EndProject
Project("{8BC9CEB8-8B4A-11D0-8D11-00A0C91BC942}") = "Engine", "..\..\..\Engine\project\vs-22\Engine.vcxproj", "{7A287DAB-47FB-4DD5-90E9-98B53607BD04}"
EndProject
Global
	GlobalSection(SolutionConfigurationPlatforms) = preSolution
		Debug|x64 = Debug|x64
		Release|x64 = Release|x64
	EndGlobalSection
	GlobalSection(ProjectConfigurationPlatforms) = postSolution
		{2569E77A-62A5-4C6E-A5E1-8ACFC0B95EF5}.Debug|x64.ActiveCfg = Debug|x64
		{2569E77A-62A5-4C6E-A5E1-8ACFC0B95EF5}.Debug|x64.Build.0 = Debug|x64
		{2569E77A-62A5-4C6E-A5E1-8ACFC0B95EF5}.Release|x64.ActiveCfg = Release|x64
		{2569E77A-62A5-4C6E-A5E1-8ACFC0B95EF5}.Release|x64.Build.0 = Release|x64
		{7A287DAB-47FB-4DD5-90E9-98B53607BD04}.Debug|x64.ActiveCfg = Debug|x64
		{7A287DAB-47FB-4DD5-90E9-98B53607BD04}.Debug|x64.Build.0 = Debug|x64
		{7A287DAB-47FB-4DD5-90E9-98B53607BD04}.Release|x64.ActiveCfg = Release|x64
		{7A287DAB-47FB-4DD5-90E9-98B53607BD04}.Release|x64.Build.0 = Release|x64
	EndGlobalSection
	GlobalSection(SolutionProperties) = preSolution
		HideSolutionNode = FALSE
	EndGlobalSection
	GlobalSection(ExtensibilityGlobals) = postSolution
		SolutionGuid = {61F9E690-29F7-4315-98D4-78BC1A18C05C}
	EndGlobalSection
EndGlobal
